
Microsoft Visual Studio Solution File, Format Version 12.00
# Visual Studio 15
VisualStudioVersion = 15.0.26730.16
MinimumVisualStudioVersion = 10.0.40219.1
Project("{FAE04EC0-301F-11D3-BF4B-00C04F79EFBC}") = "Day01_InverseCaptcha", "Day1_InverseCaptcha\Day01_InverseCaptcha.csproj", "{2F41C6B0-A2A1-4668-91FD-741195EF355F}"
EndProject
Project("{FAE04EC0-301F-11D3-BF4B-00C04F79EFBC}") = "Day02_CorruptionChecksum", "Day2_CorruptionChecksum\Day02_CorruptionChecksum.csproj", "{6B595F6E-11B5-41DE-A193-0FDCA662E1B9}"
EndProject
Project("{FAE04EC0-301F-11D3-BF4B-00C04F79EFBC}") = "Day03_SpiralMemory", "Day3_SpiralMemory\Day03_SpiralMemory.csproj", "{6A243FCD-6303-4684-AFB4-C39D908A04CA}"
EndProject
Project("{FAE04EC0-301F-11D3-BF4B-00C04F79EFBC}") = "Day04_HighEntropyPassphrases", "Day4_HighEntropyPassphrases\Day04_HighEntropyPassphrases.csproj", "{DA76E91B-6897-47F0-9897-B8C83D424083}"
EndProject
Project("{FAE04EC0-301F-11D3-BF4B-00C04F79EFBC}") = "Day05_AMazeOfTwistyTrampolinesAllAlike", "Day5_AMazeOfTwistyTrampolinesAllAlike\Day05_AMazeOfTwistyTrampolinesAllAlike.csproj", "{D71B9C38-9D98-47A3-A293-69D1759390D6}"
EndProject
Project("{FAE04EC0-301F-11D3-BF4B-00C04F79EFBC}") = "Day06_MemoryReallocation", "Day6_MemoryReallocation\Day06_MemoryReallocation.csproj", "{3E00D92D-48E3-401F-A494-308A1F5D0E56}"
EndProject
Project("{FAE04EC0-301F-11D3-BF4B-00C04F79EFBC}") = "Day07_RecursiveCircus", "Day7_RecursiveCircus\Day07_RecursiveCircus.csproj", "{408FA32D-6EB5-4755-9552-00C08035A06E}"
EndProject
Project("{FAE04EC0-301F-11D3-BF4B-00C04F79EFBC}") = "Day08_IHeardYouLikeRegisters", "Day8_IHeardYouLikeRegisters\Day08_IHeardYouLikeRegisters.csproj", "{52202716-BC7B-4D49-8803-31C6ECD8507E}"
EndProject
Project("{FAE04EC0-301F-11D3-BF4B-00C04F79EFBC}") = "Day09_StreamProcessing", "Day9_StreamProcessing\Day09_StreamProcessing.csproj", "{F31AB93C-FB84-4C81-9E06-7EA67B5559DC}"
EndProject
Project("{FAE04EC0-301F-11D3-BF4B-00C04F79EFBC}") = "Day10_KnotHash", "Day10_KnotHash\Day10_KnotHash.csproj", "{4BA6BD6B-C02E-4B09-99FE-23DFDE7728E5}"
EndProject
Project("{FAE04EC0-301F-11D3-BF4B-00C04F79EFBC}") = "Day11_HexEd", "Day11_HexEd\Day11_HexEd.csproj", "{5D86E9CE-050B-40AB-A063-0718EBB570A7}"
EndProject
Project("{FAE04EC0-301F-11D3-BF4B-00C04F79EFBC}") = "Day12_DigitalPlumber", "Day12_DigitalPlumber\Day12_DigitalPlumber.csproj", "{558E5922-DEA7-44EB-B6B9-341635E117B5}"
EndProject
Project("{FAE04EC0-301F-11D3-BF4B-00C04F79EFBC}") = "Day13_PacketScanners", "Day13_PacketScanners\Day13_PacketScanners.csproj", "{91C6FC5C-6475-4742-9F8E-EFD7E1925B2E}"
EndProject
Project("{FAE04EC0-301F-11D3-BF4B-00C04F79EFBC}") = "Day14_DiskDefragmentation", "Day14_DiskDefragmentation\Day14_DiskDefragmentation.csproj", "{1FF5FE5C-6A06-4C92-9989-22C7A167EC61}"
EndProject
Project("{FAE04EC0-301F-11D3-BF4B-00C04F79EFBC}") = "Day15_DuelingGenerators", "Day15_DuelingGenerators\Day15_DuelingGenerators.csproj", "{09F53564-B52A-4E4F-BCDA-AC753A59CF30}"
EndProject
Project("{FAE04EC0-301F-11D3-BF4B-00C04F79EFBC}") = "Day16_PermutationPromenade", "Day16_PermutationPromenade\Day16_PermutationPromenade.csproj", "{3D0060C4-B99C-45CF-B36B-9CE9BD02D519}"
EndProject
Project("{FAE04EC0-301F-11D3-BF4B-00C04F79EFBC}") = "Day17_Spinlock", "Day17_Spinlock\Day17_Spinlock.csproj", "{3BB009AA-695C-454E-B97C-1854B64CE1D4}"
EndProject
Project("{FAE04EC0-301F-11D3-BF4B-00C04F79EFBC}") = "Day18_Duet", "Day18_Duet\Day18_Duet.csproj", "{705DF39C-59F5-4C21-AFB8-0A023A34DE94}"
EndProject
Project("{FAE04EC0-301F-11D3-BF4B-00C04F79EFBC}") = "Day19_ASeriesOfTubes", "Day19_ASeriesOfTubes\Day19_ASeriesOfTubes.csproj", "{E5E8A22A-80D4-4C51-8593-B586A14F35AA}"
EndProject
Global
	GlobalSection(SolutionConfigurationPlatforms) = preSolution
		Debug|Any CPU = Debug|Any CPU
		Release|Any CPU = Release|Any CPU
	EndGlobalSection
	GlobalSection(ProjectConfigurationPlatforms) = postSolution
		{2F41C6B0-A2A1-4668-91FD-741195EF355F}.Debug|Any CPU.ActiveCfg = Debug|Any CPU
		{2F41C6B0-A2A1-4668-91FD-741195EF355F}.Debug|Any CPU.Build.0 = Debug|Any CPU
		{2F41C6B0-A2A1-4668-91FD-741195EF355F}.Release|Any CPU.ActiveCfg = Release|Any CPU
		{2F41C6B0-A2A1-4668-91FD-741195EF355F}.Release|Any CPU.Build.0 = Release|Any CPU
		{6B595F6E-11B5-41DE-A193-0FDCA662E1B9}.Debug|Any CPU.ActiveCfg = Debug|Any CPU
		{6B595F6E-11B5-41DE-A193-0FDCA662E1B9}.Debug|Any CPU.Build.0 = Debug|Any CPU
		{6B595F6E-11B5-41DE-A193-0FDCA662E1B9}.Release|Any CPU.ActiveCfg = Release|Any CPU
		{6B595F6E-11B5-41DE-A193-0FDCA662E1B9}.Release|Any CPU.Build.0 = Release|Any CPU
		{6A243FCD-6303-4684-AFB4-C39D908A04CA}.Debug|Any CPU.ActiveCfg = Debug|Any CPU
		{6A243FCD-6303-4684-AFB4-C39D908A04CA}.Debug|Any CPU.Build.0 = Debug|Any CPU
		{6A243FCD-6303-4684-AFB4-C39D908A04CA}.Release|Any CPU.ActiveCfg = Release|Any CPU
		{6A243FCD-6303-4684-AFB4-C39D908A04CA}.Release|Any CPU.Build.0 = Release|Any CPU
		{DA76E91B-6897-47F0-9897-B8C83D424083}.Debug|Any CPU.ActiveCfg = Debug|Any CPU
		{DA76E91B-6897-47F0-9897-B8C83D424083}.Debug|Any CPU.Build.0 = Debug|Any CPU
		{DA76E91B-6897-47F0-9897-B8C83D424083}.Release|Any CPU.ActiveCfg = Release|Any CPU
		{DA76E91B-6897-47F0-9897-B8C83D424083}.Release|Any CPU.Build.0 = Release|Any CPU
		{D71B9C38-9D98-47A3-A293-69D1759390D6}.Debug|Any CPU.ActiveCfg = Debug|Any CPU
		{D71B9C38-9D98-47A3-A293-69D1759390D6}.Debug|Any CPU.Build.0 = Debug|Any CPU
		{D71B9C38-9D98-47A3-A293-69D1759390D6}.Release|Any CPU.ActiveCfg = Release|Any CPU
		{D71B9C38-9D98-47A3-A293-69D1759390D6}.Release|Any CPU.Build.0 = Release|Any CPU
		{3E00D92D-48E3-401F-A494-308A1F5D0E56}.Debug|Any CPU.ActiveCfg = Debug|Any CPU
		{3E00D92D-48E3-401F-A494-308A1F5D0E56}.Debug|Any CPU.Build.0 = Debug|Any CPU
		{3E00D92D-48E3-401F-A494-308A1F5D0E56}.Release|Any CPU.ActiveCfg = Release|Any CPU
		{3E00D92D-48E3-401F-A494-308A1F5D0E56}.Release|Any CPU.Build.0 = Release|Any CPU
		{408FA32D-6EB5-4755-9552-00C08035A06E}.Debug|Any CPU.ActiveCfg = Debug|Any CPU
		{408FA32D-6EB5-4755-9552-00C08035A06E}.Debug|Any CPU.Build.0 = Debug|Any CPU
		{408FA32D-6EB5-4755-9552-00C08035A06E}.Release|Any CPU.ActiveCfg = Release|Any CPU
		{408FA32D-6EB5-4755-9552-00C08035A06E}.Release|Any CPU.Build.0 = Release|Any CPU
		{52202716-BC7B-4D49-8803-31C6ECD8507E}.Debug|Any CPU.ActiveCfg = Debug|Any CPU
		{52202716-BC7B-4D49-8803-31C6ECD8507E}.Debug|Any CPU.Build.0 = Debug|Any CPU
		{52202716-BC7B-4D49-8803-31C6ECD8507E}.Release|Any CPU.ActiveCfg = Release|Any CPU
		{52202716-BC7B-4D49-8803-31C6ECD8507E}.Release|Any CPU.Build.0 = Release|Any CPU
		{F31AB93C-FB84-4C81-9E06-7EA67B5559DC}.Debug|Any CPU.ActiveCfg = Debug|Any CPU
		{F31AB93C-FB84-4C81-9E06-7EA67B5559DC}.Debug|Any CPU.Build.0 = Debug|Any CPU
		{F31AB93C-FB84-4C81-9E06-7EA67B5559DC}.Release|Any CPU.ActiveCfg = Release|Any CPU
		{F31AB93C-FB84-4C81-9E06-7EA67B5559DC}.Release|Any CPU.Build.0 = Release|Any CPU
		{4BA6BD6B-C02E-4B09-99FE-23DFDE7728E5}.Debug|Any CPU.ActiveCfg = Debug|Any CPU
		{4BA6BD6B-C02E-4B09-99FE-23DFDE7728E5}.Debug|Any CPU.Build.0 = Debug|Any CPU
		{4BA6BD6B-C02E-4B09-99FE-23DFDE7728E5}.Release|Any CPU.ActiveCfg = Release|Any CPU
		{4BA6BD6B-C02E-4B09-99FE-23DFDE7728E5}.Release|Any CPU.Build.0 = Release|Any CPU
		{5D86E9CE-050B-40AB-A063-0718EBB570A7}.Debug|Any CPU.ActiveCfg = Debug|Any CPU
		{5D86E9CE-050B-40AB-A063-0718EBB570A7}.Debug|Any CPU.Build.0 = Debug|Any CPU
		{5D86E9CE-050B-40AB-A063-0718EBB570A7}.Release|Any CPU.ActiveCfg = Release|Any CPU
		{5D86E9CE-050B-40AB-A063-0718EBB570A7}.Release|Any CPU.Build.0 = Release|Any CPU
		{558E5922-DEA7-44EB-B6B9-341635E117B5}.Debug|Any CPU.ActiveCfg = Debug|Any CPU
		{558E5922-DEA7-44EB-B6B9-341635E117B5}.Debug|Any CPU.Build.0 = Debug|Any CPU
		{558E5922-DEA7-44EB-B6B9-341635E117B5}.Release|Any CPU.ActiveCfg = Release|Any CPU
		{558E5922-DEA7-44EB-B6B9-341635E117B5}.Release|Any CPU.Build.0 = Release|Any CPU
		{91C6FC5C-6475-4742-9F8E-EFD7E1925B2E}.Debug|Any CPU.ActiveCfg = Debug|Any CPU
		{91C6FC5C-6475-4742-9F8E-EFD7E1925B2E}.Debug|Any CPU.Build.0 = Debug|Any CPU
		{91C6FC5C-6475-4742-9F8E-EFD7E1925B2E}.Release|Any CPU.ActiveCfg = Release|Any CPU
		{91C6FC5C-6475-4742-9F8E-EFD7E1925B2E}.Release|Any CPU.Build.0 = Release|Any CPU
		{1FF5FE5C-6A06-4C92-9989-22C7A167EC61}.Debug|Any CPU.ActiveCfg = Debug|Any CPU
		{1FF5FE5C-6A06-4C92-9989-22C7A167EC61}.Debug|Any CPU.Build.0 = Debug|Any CPU
		{1FF5FE5C-6A06-4C92-9989-22C7A167EC61}.Release|Any CPU.ActiveCfg = Release|Any CPU
		{1FF5FE5C-6A06-4C92-9989-22C7A167EC61}.Release|Any CPU.Build.0 = Release|Any CPU
		{09F53564-B52A-4E4F-BCDA-AC753A59CF30}.Debug|Any CPU.ActiveCfg = Debug|Any CPU
		{09F53564-B52A-4E4F-BCDA-AC753A59CF30}.Debug|Any CPU.Build.0 = Debug|Any CPU
		{09F53564-B52A-4E4F-BCDA-AC753A59CF30}.Release|Any CPU.ActiveCfg = Release|Any CPU
		{09F53564-B52A-4E4F-BCDA-AC753A59CF30}.Release|Any CPU.Build.0 = Release|Any CPU
		{3D0060C4-B99C-45CF-B36B-9CE9BD02D519}.Debug|Any CPU.ActiveCfg = Debug|Any CPU
		{3D0060C4-B99C-45CF-B36B-9CE9BD02D519}.Debug|Any CPU.Build.0 = Debug|Any CPU
		{3D0060C4-B99C-45CF-B36B-9CE9BD02D519}.Release|Any CPU.ActiveCfg = Release|Any CPU
		{3D0060C4-B99C-45CF-B36B-9CE9BD02D519}.Release|Any CPU.Build.0 = Release|Any CPU
		{3BB009AA-695C-454E-B97C-1854B64CE1D4}.Debug|Any CPU.ActiveCfg = Debug|Any CPU
		{3BB009AA-695C-454E-B97C-1854B64CE1D4}.Debug|Any CPU.Build.0 = Debug|Any CPU
		{3BB009AA-695C-454E-B97C-1854B64CE1D4}.Release|Any CPU.ActiveCfg = Release|Any CPU
		{3BB009AA-695C-454E-B97C-1854B64CE1D4}.Release|Any CPU.Build.0 = Release|Any CPU
		{705DF39C-59F5-4C21-AFB8-0A023A34DE94}.Debug|Any CPU.ActiveCfg = Debug|Any CPU
		{705DF39C-59F5-4C21-AFB8-0A023A34DE94}.Debug|Any CPU.Build.0 = Debug|Any CPU
		{705DF39C-59F5-4C21-AFB8-0A023A34DE94}.Release|Any CPU.ActiveCfg = Release|Any CPU
		{705DF39C-59F5-4C21-AFB8-0A023A34DE94}.Release|Any CPU.Build.0 = Release|Any CPU
		{E5E8A22A-80D4-4C51-8593-B586A14F35AA}.Debug|Any CPU.ActiveCfg = Debug|Any CPU
		{E5E8A22A-80D4-4C51-8593-B586A14F35AA}.Debug|Any CPU.Build.0 = Debug|Any CPU
		{E5E8A22A-80D4-4C51-8593-B586A14F35AA}.Release|Any CPU.ActiveCfg = Release|Any CPU
		{E5E8A22A-80D4-4C51-8593-B586A14F35AA}.Release|Any CPU.Build.0 = Release|Any CPU
	EndGlobalSection
	GlobalSection(SolutionProperties) = preSolution
		HideSolutionNode = FALSE
	EndGlobalSection
	GlobalSection(ExtensibilityGlobals) = postSolution
		SolutionGuid = {31582300-4713-4EE3-8939-2ECCC1821A86}
	EndGlobalSection
EndGlobal
