
Microsoft Visual Studio Solution File, Format Version 12.00
# Visual Studio 15
VisualStudioVersion = 15.0.26730.16
MinimumVisualStudioVersion = 10.0.40219.1
Project("{FAE04EC0-301F-11D3-BF4B-00C04F79EFBC}") = "Day1_InverseCaptcha", "Day1_InverseCaptcha\Day1_InverseCaptcha.csproj", "{2F41C6B0-A2A1-4668-91FD-741195EF355F}"
EndProject
Project("{FAE04EC0-301F-11D3-BF4B-00C04F79EFBC}") = "Day2_CorruptionChecksum", "Day2_CorruptionChecksum\Day2_CorruptionChecksum.csproj", "{6B595F6E-11B5-41DE-A193-0FDCA662E1B9}"
EndProject
Project("{FAE04EC0-301F-11D3-BF4B-00C04F79EFBC}") = "Day3_SpiralMemory", "Day3_SpiralMemory\Day3_SpiralMemory.csproj", "{6A243FCD-6303-4684-AFB4-C39D908A04CA}"
EndProject
Project("{FAE04EC0-301F-11D3-BF4B-00C04F79EFBC}") = "Day4_HighEntropyPassphrases", "Day4_HighEntropyPassphrases\Day4_HighEntropyPassphrases.csproj", "{DA76E91B-6897-47F0-9897-B8C83D424083}"
EndProject
Global
	GlobalSection(SolutionConfigurationPlatforms) = preSolution
		Debug|Any CPU = Debug|Any CPU
		Release|Any CPU = Release|Any CPU
	EndGlobalSection
	GlobalSection(ProjectConfigurationPlatforms) = postSolution
		{2F41C6B0-A2A1-4668-91FD-741195EF355F}.Debug|Any CPU.ActiveCfg = Debug|Any CPU
		{2F41C6B0-A2A1-4668-91FD-741195EF355F}.Debug|Any CPU.Build.0 = Debug|Any CPU
		{2F41C6B0-A2A1-4668-91FD-741195EF355F}.Release|Any CPU.ActiveCfg = Release|Any CPU
		{2F41C6B0-A2A1-4668-91FD-741195EF355F}.Release|Any CPU.Build.0 = Release|Any CPU
		{6B595F6E-11B5-41DE-A193-0FDCA662E1B9}.Debug|Any CPU.ActiveCfg = Debug|Any CPU
		{6B595F6E-11B5-41DE-A193-0FDCA662E1B9}.Debug|Any CPU.Build.0 = Debug|Any CPU
		{6B595F6E-11B5-41DE-A193-0FDCA662E1B9}.Release|Any CPU.ActiveCfg = Release|Any CPU
		{6B595F6E-11B5-41DE-A193-0FDCA662E1B9}.Release|Any CPU.Build.0 = Release|Any CPU
		{6A243FCD-6303-4684-AFB4-C39D908A04CA}.Debug|Any CPU.ActiveCfg = Debug|Any CPU
		{6A243FCD-6303-4684-AFB4-C39D908A04CA}.Debug|Any CPU.Build.0 = Debug|Any CPU
		{6A243FCD-6303-4684-AFB4-C39D908A04CA}.Release|Any CPU.ActiveCfg = Release|Any CPU
		{6A243FCD-6303-4684-AFB4-C39D908A04CA}.Release|Any CPU.Build.0 = Release|Any CPU
		{DA76E91B-6897-47F0-9897-B8C83D424083}.Debug|Any CPU.ActiveCfg = Debug|Any CPU
		{DA76E91B-6897-47F0-9897-B8C83D424083}.Debug|Any CPU.Build.0 = Debug|Any CPU
		{DA76E91B-6897-47F0-9897-B8C83D424083}.Release|Any CPU.ActiveCfg = Release|Any CPU
		{DA76E91B-6897-47F0-9897-B8C83D424083}.Release|Any CPU.Build.0 = Release|Any CPU
	EndGlobalSection
	GlobalSection(SolutionProperties) = preSolution
		HideSolutionNode = FALSE
	EndGlobalSection
	GlobalSection(ExtensibilityGlobals) = postSolution
		SolutionGuid = {31582300-4713-4EE3-8939-2ECCC1821A86}
	EndGlobalSection
EndGlobal
